<Solution>
  <Folder Name="/Solution Items/">
    <File Path=".gitignore" />
    <File Path="Directory.Build.props" />
    <File Path="Directory.Build.targets" />
    <File Path="Directory.Packages.props" />
    <File Path="global.json" />
  </Folder>
  <Project Path="../EroMangaManager/EroMangaManager.Core/EroMangaManager.Core.csproj" />
  <Project Path="EroMangaManagerHttpApiClient/EroMangaManagerHttpApiClient.csproj">
    <Deploy />
  </Project>
</Solution>
